
Microsoft Visual Studio Solution File, Format Version 12.00
# Visual Studio Version 17
VisualStudioVersion = 17.0.31912.275
MinimumVisualStudioVersion = 10.0.40219.1
Project("{FAE04EC0-301F-11D3-BF4B-00C04F79EFBC}") = "Section1", "Section1.csproj", "{86585BC0-6A86-4BF6-972D-E1FDBC054074}"
EndProject
Global
	GlobalSection(SolutionConfigurationPlatforms) = preSolution
		Debug|Any CPU = Debug|Any CPU
		Release|Any CPU = Release|Any CPU
	EndGlobalSection
	GlobalSection(ProjectConfigurationPlatforms) = postSolution
		{86585BC0-6A86-4BF6-972D-E1FDBC054074}.Debug|Any CPU.ActiveCfg = Debug|Any CPU
		{86585BC0-6A86-4BF6-972D-E1FDBC054074}.Debug|Any CPU.Build.0 = Debug|Any CPU
		{86585BC0-6A86-4BF6-972D-E1FDBC054074}.Release|Any CPU.ActiveCfg = Release|Any CPU
		{86585BC0-6A86-4BF6-972D-E1FDBC054074}.Release|Any CPU.Build.0 = Release|Any CPU
	EndGlobalSection
	GlobalSection(SolutionProperties) = preSolution
		HideSolutionNode = FALSE
	EndGlobalSection
	GlobalSection(ExtensibilityGlobals) = postSolution
		SolutionGuid = {5D25AE74-F1B8-4217-96FF-97660956AEB3}
	EndGlobalSection
EndGlobal
